// !$*UTF8*$!
{
	archiveVersion = 1;
	classes = {
	};
	objectVersion = 56;
	objects = {

/* Begin PBXBuildFile section */
		AA000001 /* SanctuarySoundApp.swift in Sources */ = {isa = PBXBuildFile; fileRef = AB000001 /* SanctuarySoundApp.swift */; };
		AA000002 /* ServiceModels.swift in Sources */ = {isa = PBXBuildFile; fileRef = AB000002 /* ServiceModels.swift */; };
		AA000003 /* SoundEngine.swift in Sources */ = {isa = PBXBuildFile; fileRef = AB000003 /* SoundEngine.swift */; };
		AA000004 /* InputEntryView.swift in Sources */ = {isa = PBXBuildFile; fileRef = AB000004 /* InputEntryView.swift */; };
		AA000005 /* RecommendationDetailView.swift in Sources */ = {isa = PBXBuildFile; fileRef = AB000005 /* RecommendationDetailView.swift */; };
		AA000006 /* CSVImporter.swift in Sources */ = {isa = PBXBuildFile; fileRef = AB000006 /* CSVImporter.swift */; };
		AA000007 /* AnalysisEngine.swift in Sources */ = {isa = PBXBuildFile; fileRef = AB000007 /* AnalysisEngine.swift */; };
		AA000008 /* SPLMeter.swift in Sources */ = {isa = PBXBuildFile; fileRef = AB000008 /* SPLMeter.swift */; };
		AA000009 /* AnalysisView.swift in Sources */ = {isa = PBXBuildFile; fileRef = AB000009 /* AnalysisView.swift */; };
		AA000010 /* Assets.xcassets in Resources */ = {isa = PBXBuildFile; fileRef = AB000010 /* Assets.xcassets */; };
		AA000011 /* SPLCalibrationView.swift in Sources */ = {isa = PBXBuildFile; fileRef = AB000011 /* SPLCalibrationView.swift */; };
		AA000012 /* HomeView.swift in Sources */ = {isa = PBXBuildFile; fileRef = AB000012 /* HomeView.swift */; };
		AA000013 /* ServiceStore.swift in Sources */ = {isa = PBXBuildFile; fileRef = AB000013 /* ServiceStore.swift */; };
		AA000014 /* SplashView.swift in Sources */ = {isa = PBXBuildFile; fileRef = AB000015 /* SplashView.swift */; };
		AA000018 /* OnboardingView.swift in Sources */ = {isa = PBXBuildFile; fileRef = AB000018 /* OnboardingView.swift */; };
		AA000019 /* AppConfig.swift in Sources */ = {isa = PBXBuildFile; fileRef = AB000019 /* AppConfig.swift */; };
		AA000020 /* AboutView.swift in Sources */ = {isa = PBXBuildFile; fileRef = AB000020 /* AboutView.swift */; };
		AA000021 /* UserPreferences.swift in Sources */ = {isa = PBXBuildFile; fileRef = AB000021 /* UserPreferences.swift */; };
		AA000022 /* SettingsView.swift in Sources */ = {isa = PBXBuildFile; fileRef = AB000022 /* SettingsView.swift */; };
		AA000023 /* ColorTheme.swift in Sources */ = {isa = PBXBuildFile; fileRef = AB000023 /* ColorTheme.swift */; };
		AA000024 /* ThemeProvider.swift in Sources */ = {isa = PBXBuildFile; fileRef = AB000024 /* ThemeProvider.swift */; };
		AA000025 /* MIDIMessageTypes.swift in Sources */ = {isa = PBXBuildFile; fileRef = AB000025 /* MIDIMessageTypes.swift */; };
		AA000026 /* MIDIProtocol.swift in Sources */ = {isa = PBXBuildFile; fileRef = AB000026 /* MIDIProtocol.swift */; };
		AA000027 /* AvantisMIDIProfile.swift in Sources */ = {isa = PBXBuildFile; fileRef = AB000027 /* AvantisMIDIProfile.swift */; };
		AA000028 /* SQMIDIProfile.swift in Sources */ = {isa = PBXBuildFile; fileRef = AB000028 /* SQMIDIProfile.swift */; };
		AA000029 /* MixerConnectionManager.swift in Sources */ = {isa = PBXBuildFile; fileRef = AB000029 /* MixerConnectionManager.swift */; };
		AA000030 /* MixerConnectionView.swift in Sources */ = {isa = PBXBuildFile; fileRef = AB000030 /* MixerConnectionView.swift */; };
		AA000031 /* SecureStorage.swift in Sources */ = {isa = PBXBuildFile; fileRef = AB000031 /* SecureStorage.swift */; };
		AA000032 /* PCOModels.swift in Sources */ = {isa = PBXBuildFile; fileRef = AB000032 /* PCOModels.swift */; };
		AA000033 /* PCOClient.swift in Sources */ = {isa = PBXBuildFile; fileRef = AB000033 /* PCOClient.swift */; };
		AA000034 /* PlanningCenterManager.swift in Sources */ = {isa = PBXBuildFile; fileRef = AB000034 /* PlanningCenterManager.swift */; };
		AA000035 /* PCOImportSheet.swift in Sources */ = {isa = PBXBuildFile; fileRef = AB000035 /* PCOImportSheet.swift */; };
		AA000036 /* Localizable.xcstrings in Resources */ = {isa = PBXBuildFile; fileRef = AB000036 /* Localizable.xcstrings */; };
		AA000037 /* InfoPlist.xcstrings in Resources */ = {isa = PBXBuildFile; fileRef = AB000037 /* InfoPlist.xcstrings */; };
		AA000038 /* VenueModels.swift in Sources */ = {isa = PBXBuildFile; fileRef = AB000038 /* VenueModels.swift */; };
		AA000039 /* ConsoleProfile.swift in Sources */ = {isa = PBXBuildFile; fileRef = AB000039 /* ConsoleProfile.swift */; };
		AA000040 /* ServicesView.swift in Sources */ = {isa = PBXBuildFile; fileRef = AB000040 /* ServicesView.swift */; };
		AA000041 /* InputLibraryView.swift in Sources */ = {isa = PBXBuildFile; fileRef = AB000041 /* InputLibraryView.swift */; };
		AA000042 /* ConsolesView.swift in Sources */ = {isa = PBXBuildFile; fileRef = AB000042 /* ConsolesView.swift */; };
		AA000043 /* ToolsView.swift in Sources */ = {isa = PBXBuildFile; fileRef = AB000043 /* ToolsView.swift */; };
		AA000044 /* AppTips.swift in Sources */ = {isa = PBXBuildFile; fileRef = AB000044 /* AppTips.swift */; };
		AA000045 /* FrequencyAnalysis.swift in Sources */ = {isa = PBXBuildFile; fileRef = AB000045 /* FrequencyAnalysis.swift */; };
		AA000046 /* RT60Calculator.swift in Sources */ = {isa = PBXBuildFile; fileRef = AB000046 /* RT60Calculator.swift */; };
		AA000047 /* EQAnalyzer.swift in Sources */ = {isa = PBXBuildFile; fileRef = AB000047 /* EQAnalyzer.swift */; };
		AA000048 /* RT60Analyzer.swift in Sources */ = {isa = PBXBuildFile; fileRef = AB000048 /* RT60Analyzer.swift */; };
		AA000049 /* QAContent.swift in Sources */ = {isa = PBXBuildFile; fileRef = AB000049 /* QAContent.swift */; };
		AA000050 /* QAStore.swift in Sources */ = {isa = PBXBuildFile; fileRef = AB000050 /* QAStore.swift */; };
		AA000051 /* EQAnalyzerView.swift in Sources */ = {isa = PBXBuildFile; fileRef = AB000051 /* EQAnalyzerView.swift */; };
		AA000052 /* RT60MeasurementView.swift in Sources */ = {isa = PBXBuildFile; fileRef = AB000052 /* RT60MeasurementView.swift */; };
		AA000053 /* QABrowserView.swift in Sources */ = {isa = PBXBuildFile; fileRef = AB000053 /* QABrowserView.swift */; };
		AA100001 /* SoundEngineTests.swift in Sources */ = {isa = PBXBuildFile; fileRef = AB100001 /* SoundEngineTests.swift */; };
		AA100002 /* PCOTests.swift in Sources */ = {isa = PBXBuildFile; fileRef = AB100002 /* PCOTests.swift */; };
		AA100003 /* FrequencyAnalysisTests.swift in Sources */ = {isa = PBXBuildFile; fileRef = AB100003 /* FrequencyAnalysisTests.swift */; };
/* End PBXBuildFile section */

/* Begin PBXContainerItemProxy section */
		C1000001 /* PBXContainerItemProxy */ = {
			isa = PBXContainerItemProxy;
			containerPortal = B0000001 /* Project object */;
			proxyType = 1;
			remoteGlobalIDString = AF000001;
			remoteInfo = SanctuarySound;
		};
/* End PBXContainerItemProxy section */

/* Begin PBXFileReference section */
		AB000001 /* SanctuarySoundApp.swift */ = {isa = PBXFileReference; lastKnownFileType = sourcecode.swift; path = SanctuarySoundApp.swift; sourceTree = "<group>"; };
		AB000002 /* ServiceModels.swift */ = {isa = PBXFileReference; lastKnownFileType = sourcecode.swift; path = ServiceModels.swift; sourceTree = "<group>"; };
		AB000003 /* SoundEngine.swift */ = {isa = PBXFileReference; lastKnownFileType = sourcecode.swift; path = SoundEngine.swift; sourceTree = "<group>"; };
		AB000004 /* InputEntryView.swift */ = {isa = PBXFileReference; lastKnownFileType = sourcecode.swift; path = InputEntryView.swift; sourceTree = "<group>"; };
		AB000005 /* RecommendationDetailView.swift */ = {isa = PBXFileReference; lastKnownFileType = sourcecode.swift; path = RecommendationDetailView.swift; sourceTree = "<group>"; };
		AB000006 /* CSVImporter.swift */ = {isa = PBXFileReference; lastKnownFileType = sourcecode.swift; path = CSVImporter.swift; sourceTree = "<group>"; };
		AB000007 /* AnalysisEngine.swift */ = {isa = PBXFileReference; lastKnownFileType = sourcecode.swift; path = AnalysisEngine.swift; sourceTree = "<group>"; };
		AB000008 /* SPLMeter.swift */ = {isa = PBXFileReference; lastKnownFileType = sourcecode.swift; path = SPLMeter.swift; sourceTree = "<group>"; };
		AB000009 /* AnalysisView.swift */ = {isa = PBXFileReference; lastKnownFileType = sourcecode.swift; path = AnalysisView.swift; sourceTree = "<group>"; };
		AB000010 /* Assets.xcassets */ = {isa = PBXFileReference; lastKnownFileType = folder.assetcatalog; path = Assets.xcassets; sourceTree = "<group>"; };
		AB000011 /* SPLCalibrationView.swift */ = {isa = PBXFileReference; lastKnownFileType = sourcecode.swift; path = SPLCalibrationView.swift; sourceTree = "<group>"; };
		AB000012 /* HomeView.swift */ = {isa = PBXFileReference; lastKnownFileType = sourcecode.swift; path = HomeView.swift; sourceTree = "<group>"; };
		AB000013 /* ServiceStore.swift */ = {isa = PBXFileReference; lastKnownFileType = sourcecode.swift; path = ServiceStore.swift; sourceTree = "<group>"; };
		AB000014 /* Info.plist */ = {isa = PBXFileReference; lastKnownFileType = text.plist.xml; path = Info.plist; sourceTree = "<group>"; };
		AB000015 /* SplashView.swift */ = {isa = PBXFileReference; lastKnownFileType = sourcecode.swift; path = SplashView.swift; sourceTree = "<group>"; };
		AB000018 /* OnboardingView.swift */ = {isa = PBXFileReference; lastKnownFileType = sourcecode.swift; path = OnboardingView.swift; sourceTree = "<group>"; };
		AB000019 /* AppConfig.swift */ = {isa = PBXFileReference; lastKnownFileType = sourcecode.swift; path = AppConfig.swift; sourceTree = "<group>"; };
		AB000020 /* AboutView.swift */ = {isa = PBXFileReference; lastKnownFileType = sourcecode.swift; path = AboutView.swift; sourceTree = "<group>"; };
		AB000021 /* UserPreferences.swift */ = {isa = PBXFileReference; lastKnownFileType = sourcecode.swift; path = UserPreferences.swift; sourceTree = "<group>"; };
		AB000022 /* SettingsView.swift */ = {isa = PBXFileReference; lastKnownFileType = sourcecode.swift; path = SettingsView.swift; sourceTree = "<group>"; };
		AB000023 /* ColorTheme.swift */ = {isa = PBXFileReference; lastKnownFileType = sourcecode.swift; path = ColorTheme.swift; sourceTree = "<group>"; };
		AB000024 /* ThemeProvider.swift */ = {isa = PBXFileReference; lastKnownFileType = sourcecode.swift; path = ThemeProvider.swift; sourceTree = "<group>"; };
		AB000025 /* MIDIMessageTypes.swift */ = {isa = PBXFileReference; lastKnownFileType = sourcecode.swift; path = MIDIMessageTypes.swift; sourceTree = "<group>"; };
		AB000026 /* MIDIProtocol.swift */ = {isa = PBXFileReference; lastKnownFileType = sourcecode.swift; path = MIDIProtocol.swift; sourceTree = "<group>"; };
		AB000027 /* AvantisMIDIProfile.swift */ = {isa = PBXFileReference; lastKnownFileType = sourcecode.swift; path = AvantisMIDIProfile.swift; sourceTree = "<group>"; };
		AB000028 /* SQMIDIProfile.swift */ = {isa = PBXFileReference; lastKnownFileType = sourcecode.swift; path = SQMIDIProfile.swift; sourceTree = "<group>"; };
		AB000029 /* MixerConnectionManager.swift */ = {isa = PBXFileReference; lastKnownFileType = sourcecode.swift; path = MixerConnectionManager.swift; sourceTree = "<group>"; };
		AB000030 /* MixerConnectionView.swift */ = {isa = PBXFileReference; lastKnownFileType = sourcecode.swift; path = MixerConnectionView.swift; sourceTree = "<group>"; };
		AB000031 /* SecureStorage.swift */ = {isa = PBXFileReference; lastKnownFileType = sourcecode.swift; path = SecureStorage.swift; sourceTree = "<group>"; };
		AB000032 /* PCOModels.swift */ = {isa = PBXFileReference; lastKnownFileType = sourcecode.swift; path = PCOModels.swift; sourceTree = "<group>"; };
		AB000033 /* PCOClient.swift */ = {isa = PBXFileReference; lastKnownFileType = sourcecode.swift; path = PCOClient.swift; sourceTree = "<group>"; };
		AB000034 /* PlanningCenterManager.swift */ = {isa = PBXFileReference; lastKnownFileType = sourcecode.swift; path = PlanningCenterManager.swift; sourceTree = "<group>"; };
		AB000035 /* PCOImportSheet.swift */ = {isa = PBXFileReference; lastKnownFileType = sourcecode.swift; path = PCOImportSheet.swift; sourceTree = "<group>"; };
		AB000036 /* Localizable.xcstrings */ = {isa = PBXFileReference; lastKnownFileType = text.json.xcstrings; path = Localizable.xcstrings; sourceTree = "<group>"; };
		AB000037 /* InfoPlist.xcstrings */ = {isa = PBXFileReference; lastKnownFileType = text.json.xcstrings; path = InfoPlist.xcstrings; sourceTree = "<group>"; };
		AB000038 /* VenueModels.swift */ = {isa = PBXFileReference; lastKnownFileType = sourcecode.swift; path = VenueModels.swift; sourceTree = "<group>"; };
		AB000039 /* ConsoleProfile.swift */ = {isa = PBXFileReference; lastKnownFileType = sourcecode.swift; path = ConsoleProfile.swift; sourceTree = "<group>"; };
		AB000040 /* ServicesView.swift */ = {isa = PBXFileReference; lastKnownFileType = sourcecode.swift; path = ServicesView.swift; sourceTree = "<group>"; };
		AB000041 /* InputLibraryView.swift */ = {isa = PBXFileReference; lastKnownFileType = sourcecode.swift; path = InputLibraryView.swift; sourceTree = "<group>"; };
		AB000042 /* ConsolesView.swift */ = {isa = PBXFileReference; lastKnownFileType = sourcecode.swift; path = ConsolesView.swift; sourceTree = "<group>"; };
		AB000043 /* ToolsView.swift */ = {isa = PBXFileReference; lastKnownFileType = sourcecode.swift; path = ToolsView.swift; sourceTree = "<group>"; };
		AB000044 /* AppTips.swift */ = {isa = PBXFileReference; lastKnownFileType = sourcecode.swift; path = AppTips.swift; sourceTree = "<group>"; };
		AB000045 /* FrequencyAnalysis.swift */ = {isa = PBXFileReference; lastKnownFileType = sourcecode.swift; path = FrequencyAnalysis.swift; sourceTree = "<group>"; };
		AB000046 /* RT60Calculator.swift */ = {isa = PBXFileReference; lastKnownFileType = sourcecode.swift; path = RT60Calculator.swift; sourceTree = "<group>"; };
		AB000047 /* EQAnalyzer.swift */ = {isa = PBXFileReference; lastKnownFileType = sourcecode.swift; path = EQAnalyzer.swift; sourceTree = "<group>"; };
		AB000048 /* RT60Analyzer.swift */ = {isa = PBXFileReference; lastKnownFileType = sourcecode.swift; path = RT60Analyzer.swift; sourceTree = "<group>"; };
		AB000049 /* QAContent.swift */ = {isa = PBXFileReference; lastKnownFileType = sourcecode.swift; path = QAContent.swift; sourceTree = "<group>"; };
		AB000050 /* QAStore.swift */ = {isa = PBXFileReference; lastKnownFileType = sourcecode.swift; path = QAStore.swift; sourceTree = "<group>"; };
		AB000051 /* EQAnalyzerView.swift */ = {isa = PBXFileReference; lastKnownFileType = sourcecode.swift; path = EQAnalyzerView.swift; sourceTree = "<group>"; };
		AB000052 /* RT60MeasurementView.swift */ = {isa = PBXFileReference; lastKnownFileType = sourcecode.swift; path = RT60MeasurementView.swift; sourceTree = "<group>"; };
		AB000053 /* QABrowserView.swift */ = {isa = PBXFileReference; lastKnownFileType = sourcecode.swift; path = QABrowserView.swift; sourceTree = "<group>"; };
		AB100001 /* SoundEngineTests.swift */ = {isa = PBXFileReference; lastKnownFileType = sourcecode.swift; path = SoundEngineTests.swift; sourceTree = "<group>"; };
		AB100002 /* PCOTests.swift */ = {isa = PBXFileReference; lastKnownFileType = sourcecode.swift; path = PCOTests.swift; sourceTree = "<group>"; };
		AB100003 /* FrequencyAnalysisTests.swift */ = {isa = PBXFileReference; lastKnownFileType = sourcecode.swift; path = FrequencyAnalysisTests.swift; sourceTree = "<group>"; };
		AC000001 /* SanctuarySound.app */ = {isa = PBXFileReference; explicitFileType = wrapper.application; includeInIndex = 0; path = SanctuarySound.app; sourceTree = BUILT_PRODUCTS_DIR; };
		AC100001 /* SanctuarySoundTests.xctest */ = {isa = PBXFileReference; explicitFileType = wrapper.cfbundle; includeInIndex = 0; path = SanctuarySoundTests.xctest; sourceTree = BUILT_PRODUCTS_DIR; };
/* End PBXFileReference section */

/* Begin PBXFrameworksBuildPhase section */
		AD000001 /* Frameworks */ = {
			isa = PBXFrameworksBuildPhase;
			buildActionMask = 2147483647;
			files = (
			);
			runOnlyForDeploymentPostprocessing = 0;
		};
		AD100001 /* Frameworks */ = {
			isa = PBXFrameworksBuildPhase;
			buildActionMask = 2147483647;
			files = (
			);
			runOnlyForDeploymentPostprocessing = 0;
		};
/* End PBXFrameworksBuildPhase section */

/* Begin PBXGroup section */
		AE000001 = {
			isa = PBXGroup;
			children = (
				AE000002 /* SanctuarySound */,
				AE100001 /* SanctuarySoundTests */,
				AE000099 /* Products */,
			);
			sourceTree = "<group>";
		};
		AE000002 /* SanctuarySound */ = {
			isa = PBXGroup;
			children = (
				AB000001 /* SanctuarySoundApp.swift */,
				AB000019 /* AppConfig.swift */,
				AB000014 /* Info.plist */,
				AE000003 /* Models */,
				AE000004 /* Engine */,
				AE000005 /* Views */,
				AE000006 /* ViewModels */,
				AE000009 /* Network */,
				AE000007 /* Audio */,
				AE000008 /* Store */,
				AE000010 /* Tips */,
				AB000010 /* Assets.xcassets */,
				AB000036 /* Localizable.xcstrings */,
				AB000037 /* InfoPlist.xcstrings */,
			);
			path = SanctuarySound;
			sourceTree = "<group>";
		};
		AE000003 /* Models */ = {
			isa = PBXGroup;
			children = (
				AB000002 /* ServiceModels.swift */,
				AB000021 /* UserPreferences.swift */,
				AB000023 /* ColorTheme.swift */,
				AB000038 /* VenueModels.swift */,
				AB000039 /* ConsoleProfile.swift */,
				AB000049 /* QAContent.swift */,
			);
			path = Models;
			sourceTree = "<group>";
		};
		AE000004 /* Engine */ = {
			isa = PBXGroup;
			children = (
				AB000003 /* SoundEngine.swift */,
				AB000006 /* CSVImporter.swift */,
				AB000007 /* AnalysisEngine.swift */,
				AB000045 /* FrequencyAnalysis.swift */,
				AB000046 /* RT60Calculator.swift */,
			);
			path = Engine;
			sourceTree = "<group>";
		};
		AE000005 /* Views */ = {
			isa = PBXGroup;
			children = (
				AB000012 /* HomeView.swift */,
				AB000004 /* InputEntryView.swift */,
				AB000005 /* RecommendationDetailView.swift */,
				AB000009 /* AnalysisView.swift */,
				AB000011 /* SPLCalibrationView.swift */,
				AB000015 /* SplashView.swift */,
				AB000018 /* OnboardingView.swift */,
				AB000020 /* AboutView.swift */,
				AB000022 /* SettingsView.swift */,
				AB000030 /* MixerConnectionView.swift */,
				AB000035 /* PCOImportSheet.swift */,
				AB000040 /* ServicesView.swift */,
				AB000041 /* InputLibraryView.swift */,
				AB000042 /* ConsolesView.swift */,
				AB000043 /* ToolsView.swift */,
				AB000051 /* EQAnalyzerView.swift */,
				AB000052 /* RT60MeasurementView.swift */,
				AB000053 /* QABrowserView.swift */,
			);
			path = Views;
			sourceTree = "<group>";
		};
		AE000006 /* ViewModels */ = {
			isa = PBXGroup;
			children = (
				AB000024 /* ThemeProvider.swift */,
			);
			path = ViewModels;
			sourceTree = "<group>";
		};
		AE000009 /* Network */ = {
			isa = PBXGroup;
			children = (
				AB000025 /* MIDIMessageTypes.swift */,
				AB000026 /* MIDIProtocol.swift */,
				AB000027 /* AvantisMIDIProfile.swift */,
				AB000028 /* SQMIDIProfile.swift */,
				AB000029 /* MixerConnectionManager.swift */,
				AB000032 /* PCOModels.swift */,
				AB000033 /* PCOClient.swift */,
			);
			path = Network;
			sourceTree = "<group>";
		};
		AE000007 /* Audio */ = {
			isa = PBXGroup;
			children = (
				AB000008 /* SPLMeter.swift */,
				AB000047 /* EQAnalyzer.swift */,
				AB000048 /* RT60Analyzer.swift */,
			);
			path = Audio;
			sourceTree = "<group>";
		};
		AE000008 /* Store */ = {
			isa = PBXGroup;
			children = (
				AB000013 /* ServiceStore.swift */,
				AB000031 /* SecureStorage.swift */,
				AB000034 /* PlanningCenterManager.swift */,
				AB000050 /* QAStore.swift */,
			);
			path = Store;
			sourceTree = "<group>";
		};
		AE000010 /* Tips */ = {
			isa = PBXGroup;
			children = (
				AB000044 /* AppTips.swift */,
			);
			path = Tips;
			sourceTree = "<group>";
		};
		AE100001 /* SanctuarySoundTests */ = {
			isa = PBXGroup;
			children = (
				AB100001 /* SoundEngineTests.swift */,
				AB100002 /* PCOTests.swift */,
				AB100003 /* FrequencyAnalysisTests.swift */,
			);
			path = SanctuarySoundTests;
			sourceTree = "<group>";
		};
		AE000099 /* Products */ = {
			isa = PBXGroup;
			children = (
				AC000001 /* SanctuarySound.app */,
				AC100001 /* SanctuarySoundTests.xctest */,
			);
			name = Products;
			sourceTree = "<group>";
		};
/* End PBXGroup section */

/* Begin PBXNativeTarget section */
		AF000001 /* SanctuarySound */ = {
			isa = PBXNativeTarget;
			buildConfigurationList = B1000001 /* Build configuration list for PBXNativeTarget "SanctuarySound" */;
			buildPhases = (
				AD000002 /* Sources */,
				AD000001 /* Frameworks */,
				AD000003 /* Resources */,
			);
			buildRules = (
			);
			dependencies = (
			);
			name = SanctuarySound;
			productName = SanctuarySound;
			productReference = AC000001 /* SanctuarySound.app */;
			productType = "com.apple.product-type.application";
		};
		AF100001 /* SanctuarySoundTests */ = {
			isa = PBXNativeTarget;
			buildConfigurationList = B1100001 /* Build configuration list for PBXNativeTarget "SanctuarySoundTests" */;
			buildPhases = (
				AD100002 /* Sources */,
				AD100001 /* Frameworks */,
			);
			buildRules = (
			);
			dependencies = (
				D1000001 /* PBXTargetDependency */,
			);
			name = SanctuarySoundTests;
			productName = SanctuarySoundTests;
			productReference = AC100001 /* SanctuarySoundTests.xctest */;
			productType = "com.apple.product-type.bundle.unit-test";
		};
/* End PBXNativeTarget section */

/* Begin PBXProject section */
		B0000001 /* Project object */ = {
			isa = PBXProject;
			attributes = {
				BuildIndependentTargetsInParallel = 1;
				LastSwiftUpdateCheck = 1620;
				LastUpgradeCheck = 2620;
				TargetAttributes = {
					AF000001 = {
						CreatedOnToolsVersion = 16.2;
					};
					AF100001 = {
						CreatedOnToolsVersion = 16.2;
						TestTargetID = AF000001;
					};
				};
			};
			buildConfigurationList = B1000002 /* Build configuration list for PBXProject "SanctuarySound" */;
			compatibilityVersion = "Xcode 14.0";
			developmentRegion = en;
			hasScannedForEncodings = 0;
			knownRegions = (
				en,
				es,
				Base,
			);
			mainGroup = AE000001;
			productRefGroup = AE000099 /* Products */;
			projectDirPath = "";
			projectRoot = "";
			targets = (
				AF000001 /* SanctuarySound */,
				AF100001 /* SanctuarySoundTests */,
			);
		};
/* End PBXProject section */

/* Begin PBXResourcesBuildPhase section */
		AD000003 /* Resources */ = {
			isa = PBXResourcesBuildPhase;
			buildActionMask = 2147483647;
			files = (
				AA000010 /* Assets.xcassets in Resources */,
				AA000036 /* Localizable.xcstrings in Resources */,
				AA000037 /* InfoPlist.xcstrings in Resources */,
			);
			runOnlyForDeploymentPostprocessing = 0;
		};
/* End PBXResourcesBuildPhase section */

/* Begin PBXSourcesBuildPhase section */
		AD000002 /* Sources */ = {
			isa = PBXSourcesBuildPhase;
			buildActionMask = 2147483647;
			files = (
				AA000001 /* SanctuarySoundApp.swift in Sources */,
				AA000002 /* ServiceModels.swift in Sources */,
				AA000003 /* SoundEngine.swift in Sources */,
				AA000004 /* InputEntryView.swift in Sources */,
				AA000005 /* RecommendationDetailView.swift in Sources */,
				AA000006 /* CSVImporter.swift in Sources */,
				AA000007 /* AnalysisEngine.swift in Sources */,
				AA000008 /* SPLMeter.swift in Sources */,
				AA000009 /* AnalysisView.swift in Sources */,
				AA000011 /* SPLCalibrationView.swift in Sources */,
				AA000012 /* HomeView.swift in Sources */,
				AA000013 /* ServiceStore.swift in Sources */,
				AA000014 /* SplashView.swift in Sources */,
				AA000018 /* OnboardingView.swift in Sources */,
				AA000019 /* AppConfig.swift in Sources */,
				AA000020 /* AboutView.swift in Sources */,
				AA000021 /* UserPreferences.swift in Sources */,
				AA000022 /* SettingsView.swift in Sources */,
				AA000023 /* ColorTheme.swift in Sources */,
				AA000024 /* ThemeProvider.swift in Sources */,
				AA000025 /* MIDIMessageTypes.swift in Sources */,
				AA000026 /* MIDIProtocol.swift in Sources */,
				AA000027 /* AvantisMIDIProfile.swift in Sources */,
				AA000028 /* SQMIDIProfile.swift in Sources */,
				AA000029 /* MixerConnectionManager.swift in Sources */,
				AA000030 /* MixerConnectionView.swift in Sources */,
				AA000031 /* SecureStorage.swift in Sources */,
				AA000032 /* PCOModels.swift in Sources */,
				AA000033 /* PCOClient.swift in Sources */,
				AA000034 /* PlanningCenterManager.swift in Sources */,
				AA000035 /* PCOImportSheet.swift in Sources */,
				AA000038 /* VenueModels.swift in Sources */,
				AA000039 /* ConsoleProfile.swift in Sources */,
				AA000040 /* ServicesView.swift in Sources */,
				AA000041 /* InputLibraryView.swift in Sources */,
				AA000042 /* ConsolesView.swift in Sources */,
				AA000043 /* ToolsView.swift in Sources */,
				AA000044 /* AppTips.swift in Sources */,
				AA000045 /* FrequencyAnalysis.swift in Sources */,
				AA000046 /* RT60Calculator.swift in Sources */,
				AA000047 /* EQAnalyzer.swift in Sources */,
				AA000048 /* RT60Analyzer.swift in Sources */,
				AA000049 /* QAContent.swift in Sources */,
				AA000050 /* QAStore.swift in Sources */,
				AA000051 /* EQAnalyzerView.swift in Sources */,
				AA000052 /* RT60MeasurementView.swift in Sources */,
				AA000053 /* QABrowserView.swift in Sources */,
			);
			runOnlyForDeploymentPostprocessing = 0;
		};
		AD100002 /* Sources */ = {
			isa = PBXSourcesBuildPhase;
			buildActionMask = 2147483647;
			files = (
				AA100001 /* SoundEngineTests.swift in Sources */,
				AA100002 /* PCOTests.swift in Sources */,
				AA100003 /* FrequencyAnalysisTests.swift in Sources */,
			);
			runOnlyForDeploymentPostprocessing = 0;
		};
/* End PBXSourcesBuildPhase section */

/* Begin PBXTargetDependency section */
		D1000001 /* PBXTargetDependency */ = {
			isa = PBXTargetDependency;
			target = AF000001 /* SanctuarySound */;
			targetProxy = C1000001 /* PBXContainerItemProxy */;
		};
/* End PBXTargetDependency section */

/* Begin XCBuildConfiguration section */
		B2000001 /* Debug */ = {
			isa = XCBuildConfiguration;
			buildSettings = {
				ALWAYS_SEARCH_USER_PATHS = NO;
				ASSETCATALOG_COMPILER_GENERATE_SWIFT_ASSET_SYMBOL_EXTENSIONS = YES;
				CLANG_ANALYZER_NONNULL = YES;
				CLANG_CXX_LANGUAGE_STANDARD = "gnu++20";
				CLANG_ENABLE_MODULES = YES;
				CLANG_ENABLE_OBJC_ARC = YES;
				CLANG_WARN_BLOCK_CAPTURE_AUTORELEASING = YES;
				CLANG_WARN_BOOL_CONVERSION = YES;
				CLANG_WARN_COMMA = YES;
				CLANG_WARN_CONSTANT_CONVERSION = YES;
				CLANG_WARN_DEPRECATED_OBJC_IMPLEMENTATIONS = YES;
				CLANG_WARN_EMPTY_BODY = YES;
				CLANG_WARN_ENUM_CONVERSION = YES;
				CLANG_WARN_INFINITE_RECURSION = YES;
				CLANG_WARN_INT_CONVERSION = YES;
				CLANG_WARN_NON_LITERAL_NULL_CONVERSION = YES;
				CLANG_WARN_OBJC_IMPLICIT_RETAIN_SELF = YES;
				CLANG_WARN_OBJC_LITERAL_CONVERSION = YES;
				CLANG_WARN_QUOTED_INCLUDE_IN_FRAMEWORK_HEADER = YES;
				CLANG_WARN_RANGE_LOOP_ANALYSIS = YES;
				CLANG_WARN_STRICT_PROTOTYPES = YES;
				CLANG_WARN_SUSPICIOUS_MOVE = YES;
				CLANG_WARN_UNREACHABLE_CODE = YES;
				CLANG_WARN__DUPLICATE_METHOD_MATCH = YES;
				COPY_PHASE_STRIP = NO;
				DEBUG_INFORMATION_FORMAT = dwarf;
				DEVELOPMENT_TEAM = M2739G49TS;
				ENABLE_STRICT_OBJC_MSGSEND = YES;
				ENABLE_TESTABILITY = YES;
				ENABLE_USER_SCRIPT_SANDBOXING = YES;
				GCC_DYNAMIC_NO_PIC = NO;
				GCC_NO_COMMON_BLOCKS = YES;
				GCC_OPTIMIZATION_LEVEL = 0;
				GCC_WARN_64_TO_32_BIT_CONVERSION = YES;
				GCC_WARN_ABOUT_RETURN_TYPE = YES_ERROR;
				GCC_WARN_UNDECLARED_SELECTOR = YES;
				GCC_WARN_UNINITIALIZED_AUTOS = YES_AGGRESSIVE;
				GCC_WARN_UNUSED_FUNCTION = YES;
				GCC_WARN_UNUSED_VARIABLE = YES;
				IPHONEOS_DEPLOYMENT_TARGET = 17.0;
				MTL_ENABLE_DEBUG_INFO = INCLUDE_SOURCE;
				ONLY_ACTIVE_ARCH = YES;
				SDKROOT = iphoneos;
				STRING_CATALOG_GENERATE_SYMBOLS = YES;
				SWIFT_ACTIVE_COMPILATION_CONDITIONS = "DEBUG $(inherited)";
				SWIFT_OPTIMIZATION_LEVEL = "-Onone";
				SWIFT_STRICT_CONCURRENCY = minimal;
			};
			name = Debug;
		};
		B2000002 /* Release */ = {
			isa = XCBuildConfiguration;
			buildSettings = {
				ALWAYS_SEARCH_USER_PATHS = NO;
				ASSETCATALOG_COMPILER_GENERATE_SWIFT_ASSET_SYMBOL_EXTENSIONS = YES;
				CLANG_ANALYZER_NONNULL = YES;
				CLANG_CXX_LANGUAGE_STANDARD = "gnu++20";
				CLANG_ENABLE_MODULES = YES;
				CLANG_ENABLE_OBJC_ARC = YES;
				CLANG_WARN_BLOCK_CAPTURE_AUTORELEASING = YES;
				CLANG_WARN_BOOL_CONVERSION = YES;
				CLANG_WARN_COMMA = YES;
				CLANG_WARN_CONSTANT_CONVERSION = YES;
				CLANG_WARN_DEPRECATED_OBJC_IMPLEMENTATIONS = YES;
				CLANG_WARN_EMPTY_BODY = YES;
				CLANG_WARN_ENUM_CONVERSION = YES;
				CLANG_WARN_INFINITE_RECURSION = YES;
				CLANG_WARN_INT_CONVERSION = YES;
				CLANG_WARN_NON_LITERAL_NULL_CONVERSION = YES;
				CLANG_WARN_OBJC_IMPLICIT_RETAIN_SELF = YES;
				CLANG_WARN_OBJC_LITERAL_CONVERSION = YES;
				CLANG_WARN_QUOTED_INCLUDE_IN_FRAMEWORK_HEADER = YES;
				CLANG_WARN_RANGE_LOOP_ANALYSIS = YES;
				CLANG_WARN_STRICT_PROTOTYPES = YES;
				CLANG_WARN_SUSPICIOUS_MOVE = YES;
				CLANG_WARN_UNREACHABLE_CODE = YES;
				CLANG_WARN__DUPLICATE_METHOD_MATCH = YES;
				COPY_PHASE_STRIP = NO;
				DEBUG_INFORMATION_FORMAT = "dwarf-with-dsym";
				DEVELOPMENT_TEAM = M2739G49TS;
				ENABLE_NS_ASSERTIONS = NO;
				ENABLE_STRICT_OBJC_MSGSEND = YES;
				ENABLE_USER_SCRIPT_SANDBOXING = YES;
				GCC_NO_COMMON_BLOCKS = YES;
				GCC_WARN_64_TO_32_BIT_CONVERSION = YES;
				GCC_WARN_ABOUT_RETURN_TYPE = YES_ERROR;
				GCC_WARN_UNDECLARED_SELECTOR = YES;
				GCC_WARN_UNINITIALIZED_AUTOS = YES_AGGRESSIVE;
				GCC_WARN_UNUSED_FUNCTION = YES;
				GCC_WARN_UNUSED_VARIABLE = YES;
				IPHONEOS_DEPLOYMENT_TARGET = 17.0;
				SDKROOT = iphoneos;
				STRING_CATALOG_GENERATE_SYMBOLS = YES;
				SWIFT_COMPILATION_MODE = wholemodule;
				SWIFT_STRICT_CONCURRENCY = minimal;
				VALIDATE_PRODUCT = YES;
			};
			name = Release;
		};
		B2000003 /* Debug */ = {
			isa = XCBuildConfiguration;
			buildSettings = {
				ASSETCATALOG_COMPILER_APPICON_NAME = AppIcon;
				ASSETCATALOG_COMPILER_GLOBAL_ACCENT_COLOR_NAME = AccentColor;
				CODE_SIGN_STYLE = Automatic;
				CURRENT_PROJECT_VERSION = 1;
				GENERATE_INFOPLIST_FILE = YES;
				INFOPLIST_FILE = SanctuarySound/Info.plist;
				INFOPLIST_KEY_CFBundleDisplayName = SanctuarySound;
				INFOPLIST_KEY_NSMicrophoneUsageDescription = "SanctuarySound uses the microphone to measure sound pressure levels (SPL) in your worship space for mix calibration.";
				INFOPLIST_KEY_UIApplicationSceneManifest_Generation = YES;
				INFOPLIST_KEY_UIApplicationSupportsIndirectInputEvents = YES;
				INFOPLIST_KEY_UILaunchScreen_Generation = YES;
				INFOPLIST_KEY_UIStatusBarStyle = UIStatusBarStyleLightContent;
				INFOPLIST_KEY_UISupportedInterfaceOrientations_iPad = "UIInterfaceOrientationPortrait UIInterfaceOrientationPortraitUpsideDown UIInterfaceOrientationLandscapeLeft UIInterfaceOrientationLandscapeRight";
				INFOPLIST_KEY_UISupportedInterfaceOrientations_iPhone = "UIInterfaceOrientationPortrait UIInterfaceOrientationLandscapeLeft UIInterfaceOrientationLandscapeRight";
				LD_RUNPATH_SEARCH_PATHS = (
					"$(inherited)",
					"@executable_path/Frameworks",
				);
				MARKETING_VERSION = 0.2.0;
				PRODUCT_BUNDLE_IDENTIFIER = com.sanctuarysound.app;
				PRODUCT_NAME = "$(TARGET_NAME)";
				SUPPORTED_PLATFORMS = "iphoneos iphonesimulator";
				SUPPORTS_MACCATALYST = NO;
				SWIFT_EMIT_LOC_STRINGS = YES;
				SWIFT_VERSION = 5.0;
				TARGETED_DEVICE_FAMILY = "1,2";
			};
			name = Debug;
		};
		B2000004 /* Release */ = {
			isa = XCBuildConfiguration;
			buildSettings = {
				ASSETCATALOG_COMPILER_APPICON_NAME = AppIcon;
				ASSETCATALOG_COMPILER_GLOBAL_ACCENT_COLOR_NAME = AccentColor;
				CODE_SIGN_STYLE = Automatic;
				CURRENT_PROJECT_VERSION = 1;
				GENERATE_INFOPLIST_FILE = YES;
				INFOPLIST_FILE = SanctuarySound/Info.plist;
				INFOPLIST_KEY_CFBundleDisplayName = SanctuarySound;
				INFOPLIST_KEY_NSMicrophoneUsageDescription = "SanctuarySound uses the microphone to measure sound pressure levels (SPL) in your worship space for mix calibration.";
				INFOPLIST_KEY_UIApplicationSceneManifest_Generation = YES;
				INFOPLIST_KEY_UIApplicationSupportsIndirectInputEvents = YES;
				INFOPLIST_KEY_UILaunchScreen_Generation = YES;
				INFOPLIST_KEY_UIStatusBarStyle = UIStatusBarStyleLightContent;
				INFOPLIST_KEY_UISupportedInterfaceOrientations_iPad = "UIInterfaceOrientationPortrait UIInterfaceOrientationPortraitUpsideDown UIInterfaceOrientationLandscapeLeft UIInterfaceOrientationLandscapeRight";
				INFOPLIST_KEY_UISupportedInterfaceOrientations_iPhone = "UIInterfaceOrientationPortrait UIInterfaceOrientationLandscapeLeft UIInterfaceOrientationLandscapeRight";
				LD_RUNPATH_SEARCH_PATHS = (
					"$(inherited)",
					"@executable_path/Frameworks",
				);
				MARKETING_VERSION = 0.2.0;
				PRODUCT_BUNDLE_IDENTIFIER = com.sanctuarysound.app;
				PRODUCT_NAME = "$(TARGET_NAME)";
				SUPPORTED_PLATFORMS = "iphoneos iphonesimulator";
				SUPPORTS_MACCATALYST = NO;
				SWIFT_EMIT_LOC_STRINGS = YES;
				SWIFT_VERSION = 5.0;
				TARGETED_DEVICE_FAMILY = "1,2";
			};
			name = Release;
		};
		B2100001 /* Debug */ = {
			isa = XCBuildConfiguration;
			buildSettings = {
				BUNDLE_LOADER = "$(TEST_HOST)";
				CODE_SIGN_STYLE = Automatic;
				CURRENT_PROJECT_VERSION = 1;
				DEVELOPMENT_TEAM = M2739G49TS;
				GENERATE_INFOPLIST_FILE = YES;
				IPHONEOS_DEPLOYMENT_TARGET = 17.0;
				MARKETING_VERSION = 1.0;
				PRODUCT_BUNDLE_IDENTIFIER = com.sanctuarysound.app.tests;
				PRODUCT_NAME = "$(TARGET_NAME)";
				SUPPORTED_PLATFORMS = "iphoneos iphonesimulator";
				SUPPORTS_MACCATALYST = NO;
				SWIFT_EMIT_LOC_STRINGS = NO;
				SWIFT_VERSION = 5.0;
				TARGETED_DEVICE_FAMILY = "1,2";
				TEST_HOST = "$(BUILT_PRODUCTS_DIR)/SanctuarySound.app/$(BUNDLE_EXECUTABLE_FOLDER_PATH)/SanctuarySound";
			};
			name = Debug;
		};
		B2100002 /* Release */ = {
			isa = XCBuildConfiguration;
			buildSettings = {
				BUNDLE_LOADER = "$(TEST_HOST)";
				CODE_SIGN_STYLE = Automatic;
				CURRENT_PROJECT_VERSION = 1;
				DEVELOPMENT_TEAM = M2739G49TS;
				GENERATE_INFOPLIST_FILE = YES;
				IPHONEOS_DEPLOYMENT_TARGET = 17.0;
				MARKETING_VERSION = 1.0;
				PRODUCT_BUNDLE_IDENTIFIER = com.sanctuarysound.app.tests;
				PRODUCT_NAME = "$(TARGET_NAME)";
				SUPPORTED_PLATFORMS = "iphoneos iphonesimulator";
				SUPPORTS_MACCATALYST = NO;
				SWIFT_EMIT_LOC_STRINGS = NO;
				SWIFT_VERSION = 5.0;
				TARGETED_DEVICE_FAMILY = "1,2";
				TEST_HOST = "$(BUILT_PRODUCTS_DIR)/SanctuarySound.app/$(BUNDLE_EXECUTABLE_FOLDER_PATH)/SanctuarySound";
			};
			name = Release;
		};
/* End XCBuildConfiguration section */

/* Begin XCConfigurationList section */
		B1000001 /* Build configuration list for PBXNativeTarget "SanctuarySound" */ = {
			isa = XCConfigurationList;
			buildConfigurations = (
				B2000003 /* Debug */,
				B2000004 /* Release */,
			);
			defaultConfigurationIsVisible = 0;
			defaultConfigurationName = Release;
		};
		B1000002 /* Build configuration list for PBXProject "SanctuarySound" */ = {
			isa = XCConfigurationList;
			buildConfigurations = (
				B2000001 /* Debug */,
				B2000002 /* Release */,
			);
			defaultConfigurationIsVisible = 0;
			defaultConfigurationName = Release;
		};
		B1100001 /* Build configuration list for PBXNativeTarget "SanctuarySoundTests" */ = {
			isa = XCConfigurationList;
			buildConfigurations = (
				B2100001 /* Debug */,
				B2100002 /* Release */,
			);
			defaultConfigurationIsVisible = 0;
			defaultConfigurationName = Release;
		};
/* End XCConfigurationList section */
	};
	rootObject = B0000001 /* Project object */;
}
